# generated by rye
# use `rye lock` or `rye sync` to update this lockfile
#
# last locked with the following flags:
#   pre: false
#   features: []
#   all-features: false
#   with-sources: false
#   generate-hashes: false
#   universal: false

-e file:.
croniter==2.0.3
    # via samping
msgpack==1.0.7
    # via samping
python-dateutil==2.9.0.post0
    # via croniter
pytz==2023.3.post1
    # via croniter
    # via samping
six==1.16.0
    # via python-dateutil
